
Microsoft Visual Studio Solution File, Format Version 12.00
# Visual Studio Version 17
VisualStudioVersion = 17.8.34525.116
MinimumVisualStudioVersion = 10.0.40219.1
Project("{FAE04EC0-301F-11D3-BF4B-00C04F79EFBC}") = "ConsoleApp_Array", "ConsoleApp_Array.csproj", "{B0F3A3C2-8795-4D42-BF3E-E99F4AFB6C16}"
EndProject
Global
	GlobalSection(SolutionConfigurationPlatforms) = preSolution
		Debug|Any CPU = Debug|Any CPU
		Release|Any CPU = Release|Any CPU
	EndGlobalSection
	GlobalSection(ProjectConfigurationPlatforms) = postSolution
		{B0F3A3C2-8795-4D42-BF3E-E99F4AFB6C16}.Debug|Any CPU.ActiveCfg = Debug|Any CPU
		{B0F3A3C2-8795-4D42-BF3E-E99F4AFB6C16}.Debug|Any CPU.Build.0 = Debug|Any CPU
		{B0F3A3C2-8795-4D42-BF3E-E99F4AFB6C16}.Release|Any CPU.ActiveCfg = Release|Any CPU
		{B0F3A3C2-8795-4D42-BF3E-E99F4AFB6C16}.Release|Any CPU.Build.0 = Release|Any CPU
	EndGlobalSection
	GlobalSection(SolutionProperties) = preSolution
		HideSolutionNode = FALSE
	EndGlobalSection
	GlobalSection(ExtensibilityGlobals) = postSolution
		SolutionGuid = {6BF72D91-1DFA-4ACB-9F84-982998E32958}
	EndGlobalSection
EndGlobal
